{
  "name": "@ausginer/alpine-features",
  "version": "1.0.0",
  "lockfileVersion": 3,
  "requires": true,
  "packages": {
    "": {
      "name": "@ausginer/alpine-features",
      "version": "1.0.0",
      "license": "Apache-2.0",
      "devDependencies": {
        "@devcontainers/cli": "^0.56.0"
      }
    },
    "node_modules/@devcontainers/cli": {
      "version": "0.56.2",
      "resolved": "https://registry.npmjs.org/@devcontainers/cli/-/cli-0.56.2.tgz",
      "integrity": "sha512-GI/d2tgaf4zFQJ5kbEZ/3Aci8NfkXzsk6gYUqQB8cUrJ+K/xPw6KZfbA4G6HabGky6eSpVdc4HMzea3kWZj9Jw==",
      "dev": true,
      "license": "MIT",
      "bin": {
        "devcontainer": "devcontainer.js"
      },
      "engines": {
        "node": "^16.13.0 || >=18.0.0"
      }
    }
  }
}
